
Microsoft Visual Studio Solution File, Format Version 11.00
# Visual Studio 2010
Project("{FAE04EC0-301F-11D3-BF4B-00C04F79EFBC}") = "PLProject_Pastor", "PLProject_Pastor\PLProject_Pastor.csproj", "{49B9D0B9-01C0-4DC2-B965-4B681816AE91}"
EndProject
Global
	GlobalSection(SolutionConfigurationPlatforms) = preSolution
		Debug|x86 = Debug|x86
		Release|x86 = Release|x86
	EndGlobalSection
	GlobalSection(ProjectConfigurationPlatforms) = postSolution
		{49B9D0B9-01C0-4DC2-B965-4B681816AE91}.Debug|x86.ActiveCfg = Debug|x86
		{49B9D0B9-01C0-4DC2-B965-4B681816AE91}.Debug|x86.Build.0 = Debug|x86
		{49B9D0B9-01C0-4DC2-B965-4B681816AE91}.Release|x86.ActiveCfg = Release|x86
		{49B9D0B9-01C0-4DC2-B965-4B681816AE91}.Release|x86.Build.0 = Release|x86
	EndGlobalSection
	GlobalSection(SolutionProperties) = preSolution
		HideSolutionNode = FALSE
	EndGlobalSection
EndGlobal
